
Microsoft Visual Studio Solution File, Format Version 12.00
# Visual Studio Version 16
VisualStudioVersion = 16.0.29911.84
MinimumVisualStudioVersion = 10.0.40219.1
Project("{FAE04EC0-301F-11D3-BF4B-00C04F79EFBC}") = "MainAppControl.Android", "MainAppControl.Android\MainAppControl.Android.csproj", "{459A3736-F9CD-4C72-877D-0FEEC9D1C965}"
EndProject
Project("{FAE04EC0-301F-11D3-BF4B-00C04F79EFBC}") = "MainAppControl.iOS", "MainAppControl.iOS\MainAppControl.iOS.csproj", "{912E7265-8BC0-4084-B6BE-EA85383BC976}"
EndProject
Project("{FAE04EC0-301F-11D3-BF4B-00C04F79EFBC}") = "MainAppControl", "MainAppControl\MainAppControl.csproj", "{C9DC1F1F-61DE-483D-90F7-9DB7A41FFA30}"
EndProject
Global
	GlobalSection(SolutionConfigurationPlatforms) = preSolution
		Debug|Any CPU = Debug|Any CPU
		Debug|iPhone = Debug|iPhone
		Debug|iPhoneSimulator = Debug|iPhoneSimulator
		Release|Any CPU = Release|Any CPU
		Release|iPhone = Release|iPhone
		Release|iPhoneSimulator = Release|iPhoneSimulator
	EndGlobalSection
	GlobalSection(ProjectConfigurationPlatforms) = postSolution
		{459A3736-F9CD-4C72-877D-0FEEC9D1C965}.Debug|Any CPU.ActiveCfg = Debug|Any CPU
		{459A3736-F9CD-4C72-877D-0FEEC9D1C965}.Debug|Any CPU.Build.0 = Debug|Any CPU
		{459A3736-F9CD-4C72-877D-0FEEC9D1C965}.Debug|Any CPU.Deploy.0 = Debug|Any CPU
		{459A3736-F9CD-4C72-877D-0FEEC9D1C965}.Debug|iPhone.ActiveCfg = Debug|Any CPU
		{459A3736-F9CD-4C72-877D-0FEEC9D1C965}.Debug|iPhone.Build.0 = Debug|Any CPU
		{459A3736-F9CD-4C72-877D-0FEEC9D1C965}.Debug|iPhone.Deploy.0 = Debug|Any CPU
		{459A3736-F9CD-4C72-877D-0FEEC9D1C965}.Debug|iPhoneSimulator.ActiveCfg = Debug|Any CPU
		{459A3736-F9CD-4C72-877D-0FEEC9D1C965}.Debug|iPhoneSimulator.Build.0 = Debug|Any CPU
		{459A3736-F9CD-4C72-877D-0FEEC9D1C965}.Debug|iPhoneSimulator.Deploy.0 = Debug|Any CPU
		{459A3736-F9CD-4C72-877D-0FEEC9D1C965}.Release|Any CPU.ActiveCfg = Release|Any CPU
		{459A3736-F9CD-4C72-877D-0FEEC9D1C965}.Release|Any CPU.Build.0 = Release|Any CPU
		{459A3736-F9CD-4C72-877D-0FEEC9D1C965}.Release|Any CPU.Deploy.0 = Release|Any CPU
		{459A3736-F9CD-4C72-877D-0FEEC9D1C965}.Release|iPhone.ActiveCfg = Release|Any CPU
		{459A3736-F9CD-4C72-877D-0FEEC9D1C965}.Release|iPhone.Build.0 = Release|Any CPU
		{459A3736-F9CD-4C72-877D-0FEEC9D1C965}.Release|iPhone.Deploy.0 = Release|Any CPU
		{459A3736-F9CD-4C72-877D-0FEEC9D1C965}.Release|iPhoneSimulator.ActiveCfg = Release|Any CPU
		{459A3736-F9CD-4C72-877D-0FEEC9D1C965}.Release|iPhoneSimulator.Build.0 = Release|Any CPU
		{459A3736-F9CD-4C72-877D-0FEEC9D1C965}.Release|iPhoneSimulator.Deploy.0 = Release|Any CPU
		{912E7265-8BC0-4084-B6BE-EA85383BC976}.Debug|Any CPU.ActiveCfg = Debug|iPhone
		{912E7265-8BC0-4084-B6BE-EA85383BC976}.Debug|Any CPU.Build.0 = Debug|iPhone
		{912E7265-8BC0-4084-B6BE-EA85383BC976}.Debug|Any CPU.Deploy.0 = Debug|iPhone
		{912E7265-8BC0-4084-B6BE-EA85383BC976}.Debug|iPhone.ActiveCfg = Debug|iPhone
		{912E7265-8BC0-4084-B6BE-EA85383BC976}.Debug|iPhone.Build.0 = Debug|iPhone
		{912E7265-8BC0-4084-B6BE-EA85383BC976}.Debug|iPhone.Deploy.0 = Debug|iPhone
		{912E7265-8BC0-4084-B6BE-EA85383BC976}.Debug|iPhoneSimulator.ActiveCfg = Debug|iPhoneSimulator
		{912E7265-8BC0-4084-B6BE-EA85383BC976}.Debug|iPhoneSimulator.Build.0 = Debug|iPhoneSimulator
		{912E7265-8BC0-4084-B6BE-EA85383BC976}.Debug|iPhoneSimulator.Deploy.0 = Debug|iPhoneSimulator
		{912E7265-8BC0-4084-B6BE-EA85383BC976}.Release|Any CPU.ActiveCfg = Release|iPhone
		{912E7265-8BC0-4084-B6BE-EA85383BC976}.Release|Any CPU.Build.0 = Release|iPhone
		{912E7265-8BC0-4084-B6BE-EA85383BC976}.Release|Any CPU.Deploy.0 = Release|iPhone
		{912E7265-8BC0-4084-B6BE-EA85383BC976}.Release|iPhone.ActiveCfg = Release|iPhone
		{912E7265-8BC0-4084-B6BE-EA85383BC976}.Release|iPhone.Build.0 = Release|iPhone
		{912E7265-8BC0-4084-B6BE-EA85383BC976}.Release|iPhone.Deploy.0 = Release|iPhone
		{912E7265-8BC0-4084-B6BE-EA85383BC976}.Release|iPhoneSimulator.ActiveCfg = Release|iPhoneSimulator
		{912E7265-8BC0-4084-B6BE-EA85383BC976}.Release|iPhoneSimulator.Build.0 = Release|iPhoneSimulator
		{912E7265-8BC0-4084-B6BE-EA85383BC976}.Release|iPhoneSimulator.Deploy.0 = Release|iPhoneSimulator
		{C9DC1F1F-61DE-483D-90F7-9DB7A41FFA30}.Debug|Any CPU.ActiveCfg = Debug|Any CPU
		{C9DC1F1F-61DE-483D-90F7-9DB7A41FFA30}.Debug|Any CPU.Build.0 = Debug|Any CPU
		{C9DC1F1F-61DE-483D-90F7-9DB7A41FFA30}.Debug|Any CPU.Deploy.0 = Debug|Any CPU
		{C9DC1F1F-61DE-483D-90F7-9DB7A41FFA30}.Debug|iPhone.ActiveCfg = Debug|Any CPU
		{C9DC1F1F-61DE-483D-90F7-9DB7A41FFA30}.Debug|iPhone.Build.0 = Debug|Any CPU
		{C9DC1F1F-61DE-483D-90F7-9DB7A41FFA30}.Debug|iPhone.Deploy.0 = Debug|Any CPU
		{C9DC1F1F-61DE-483D-90F7-9DB7A41FFA30}.Debug|iPhoneSimulator.ActiveCfg = Debug|Any CPU
		{C9DC1F1F-61DE-483D-90F7-9DB7A41FFA30}.Debug|iPhoneSimulator.Build.0 = Debug|Any CPU
		{C9DC1F1F-61DE-483D-90F7-9DB7A41FFA30}.Debug|iPhoneSimulator.Deploy.0 = Debug|Any CPU
		{C9DC1F1F-61DE-483D-90F7-9DB7A41FFA30}.Release|Any CPU.ActiveCfg = Release|Any CPU
		{C9DC1F1F-61DE-483D-90F7-9DB7A41FFA30}.Release|Any CPU.Build.0 = Release|Any CPU
		{C9DC1F1F-61DE-483D-90F7-9DB7A41FFA30}.Release|Any CPU.Deploy.0 = Release|Any CPU
		{C9DC1F1F-61DE-483D-90F7-9DB7A41FFA30}.Release|iPhone.ActiveCfg = Release|Any CPU
		{C9DC1F1F-61DE-483D-90F7-9DB7A41FFA30}.Release|iPhone.Build.0 = Release|Any CPU
		{C9DC1F1F-61DE-483D-90F7-9DB7A41FFA30}.Release|iPhone.Deploy.0 = Release|Any CPU
		{C9DC1F1F-61DE-483D-90F7-9DB7A41FFA30}.Release|iPhoneSimulator.ActiveCfg = Release|Any CPU
		{C9DC1F1F-61DE-483D-90F7-9DB7A41FFA30}.Release|iPhoneSimulator.Build.0 = Release|Any CPU
		{C9DC1F1F-61DE-483D-90F7-9DB7A41FFA30}.Release|iPhoneSimulator.Deploy.0 = Release|Any CPU
	EndGlobalSection
	GlobalSection(SolutionProperties) = preSolution
		HideSolutionNode = FALSE
	EndGlobalSection
	GlobalSection(ExtensibilityGlobals) = postSolution
		SolutionGuid = {512E0A8B-EBB0-4191-BC0B-A542D07015D8}
	EndGlobalSection
EndGlobal
